
Microsoft Visual Studio Solution File, Format Version 12.00
# Visual Studio 14
VisualStudioVersion = 14.0.25420.1
MinimumVisualStudioVersion = 10.0.40219.1
Project("{FAE04EC0-301F-11D3-BF4B-00C04F79EFBC}") = "Kortleks övning", "Kortleks övning\Kortleks övning.csproj", "{C6EF6A64-C3C7-4F26-9920-C53ED75432D5}"
EndProject
Project("{FAE04EC0-301F-11D3-BF4B-00C04F79EFBC}") = "Kortleks övning.Library", "Kortleks övning.Library\Kortleks övning.Library.csproj", "{92893FCD-C88D-431E-A4A7-163A7B507B8D}"
EndProject
Project("{FAE04EC0-301F-11D3-BF4B-00C04F79EFBC}") = "Kortleks övning.Tester", "Kortleks övning.Tester\Kortleks övning.Tester.csproj", "{82F62D9C-5AD1-4AAE-9F9C-93CBD45E604F}"
EndProject
Global
	GlobalSection(SolutionConfigurationPlatforms) = preSolution
		Debug|Any CPU = Debug|Any CPU
		Release|Any CPU = Release|Any CPU
	EndGlobalSection
	GlobalSection(ProjectConfigurationPlatforms) = postSolution
		{C6EF6A64-C3C7-4F26-9920-C53ED75432D5}.Debug|Any CPU.ActiveCfg = Debug|Any CPU
		{C6EF6A64-C3C7-4F26-9920-C53ED75432D5}.Debug|Any CPU.Build.0 = Debug|Any CPU
		{C6EF6A64-C3C7-4F26-9920-C53ED75432D5}.Release|Any CPU.ActiveCfg = Release|Any CPU
		{C6EF6A64-C3C7-4F26-9920-C53ED75432D5}.Release|Any CPU.Build.0 = Release|Any CPU
		{92893FCD-C88D-431E-A4A7-163A7B507B8D}.Debug|Any CPU.ActiveCfg = Debug|Any CPU
		{92893FCD-C88D-431E-A4A7-163A7B507B8D}.Debug|Any CPU.Build.0 = Debug|Any CPU
		{92893FCD-C88D-431E-A4A7-163A7B507B8D}.Release|Any CPU.ActiveCfg = Release|Any CPU
		{92893FCD-C88D-431E-A4A7-163A7B507B8D}.Release|Any CPU.Build.0 = Release|Any CPU
		{82F62D9C-5AD1-4AAE-9F9C-93CBD45E604F}.Debug|Any CPU.ActiveCfg = Debug|Any CPU
		{82F62D9C-5AD1-4AAE-9F9C-93CBD45E604F}.Debug|Any CPU.Build.0 = Debug|Any CPU
		{82F62D9C-5AD1-4AAE-9F9C-93CBD45E604F}.Release|Any CPU.ActiveCfg = Release|Any CPU
		{82F62D9C-5AD1-4AAE-9F9C-93CBD45E604F}.Release|Any CPU.Build.0 = Release|Any CPU
	EndGlobalSection
	GlobalSection(SolutionProperties) = preSolution
		HideSolutionNode = FALSE
	EndGlobalSection
EndGlobal
